{
  "name": "inventory-alert",
  "version": "1.0.0",
  "lockfileVersion": 3,
  "requires": true,
  "packages": {
    "": {
      "name": "inventory-alert",
      "version": "1.0.0",
      "license": "ISC",
      "dependencies": {
        "@shopify/admin-api-client": "^1.1.2",
        "dotenv": "^17.4.2",
        "node-cron": "^4.2.1",
        "nodemailer": "^8.0.8"
      }
    },
    "node_modules/@shopify/admin-api-client": {
      "version": "1.1.2",
      "resolved": "https://registry.npmjs.org/@shopify/admin-api-client/-/admin-api-client-1.1.2.tgz",
      "integrity": "sha512-sV5gS8x4kj0KLULlOJkoBzm+tu6tn+1PCK9a6inySv5qtzmf/JxDWtLgaW9vRXeXHo/Sl/p3mBWhY3//fKA8iw==",
      "license": "MIT",
      "dependencies": {
        "@shopify/graphql-client": "^1.4.2"
      }
    },
    "node_modules/@shopify/graphql-client": {
      "version": "1.4.2",
      "resolved": "https://registry.npmjs.org/@shopify/graphql-client/-/graphql-client-1.4.2.tgz",
      "integrity": "sha512-C/fEyx6BZmTGeJv0HSsduhfn5ZbkXk0nePkyo0+xXxorP1I+uvx9pobdFxTfiPnOrh+P6QiKzBgIviksnSo4YA==",
      "license": "MIT"
    },
    "node_modules/dotenv": {
      "version": "17.4.2",
      "resolved": "https://registry.npmjs.org/dotenv/-/dotenv-17.4.2.tgz",
      "integrity": "sha512-nI4U3TottKAcAD9LLud4Cb7b2QztQMUEfHbvhTH09bqXTxnSie8WnjPALV/WMCrJZ6UV/qHJ6L03OqO3LcdYZw==",
      "license": "BSD-2-Clause",
      "engines": {
        "node": ">=12"
      },
      "funding": {
        "url": "https://dotenvx.com"
      }
    },
    "node_modules/node-cron": {
      "version": "4.2.1",
      "resolved": "https://registry.npmjs.org/node-cron/-/node-cron-4.2.1.tgz",
      "integrity": "sha512-lgimEHPE/QDgFlywTd8yTR61ptugX3Qer29efeyWw2rv259HtGBNn1vZVmp8lB9uo9wC0t/AT4iGqXxia+CJFg==",
      "license": "ISC",
      "engines": {
        "node": ">=6.0.0"
      }
    },
    "node_modules/nodemailer": {
      "version": "8.0.8",
      "resolved": "https://registry.npmjs.org/nodemailer/-/nodemailer-8.0.8.tgz",
      "integrity": "sha512-p+XsnzXGdtIHXUu2ugxdfG+eX2nehsGhMjW9h0CWj1BhE30hrFz0kh0yIM0/VjUgVsRrDj+80ZO+I1nSkGE4tA==",
      "license": "MIT-0",
      "engines": {
        "node": ">=6.0.0"
      }
    }
  }
}
